// !$*UTF8*$!
{
	archiveVersion = 1;
	classes = {
	};
	objectVersion = 48;
	objects = {

/* Begin PBXBuildFile section */
		1E00EC3420738BE000741D7F /* HPCartViewModel.swift in Sources */ = {isa = PBXBuildFile; fileRef = 1E00EC3320738BE000741D7F /* HPCartViewModel.swift */; };
		1E00EC3620738BEE00741D7F /* HPCartViewModelType.swift in Sources */ = {isa = PBXBuildFile; fileRef = 1E00EC3520738BEE00741D7F /* HPCartViewModelType.swift */; };
		1E00EC382073B85100741D7F /* HPBookCollectionViewCellType.swift in Sources */ = {isa = PBXBuildFile; fileRef = 1E00EC372073B85100741D7F /* HPBookCollectionViewCellType.swift */; };
		1E3F56EA20767543006AB03E /* Reachability+Rx.swift in Sources */ = {isa = PBXBuildFile; fileRef = 1E3F56E820767543006AB03E /* Reachability+Rx.swift */; };
		1E3F56EB20767543006AB03E /* ObservableType+Reachability.swift in Sources */ = {isa = PBXBuildFile; fileRef = 1E3F56E920767543006AB03E /* ObservableType+Reachability.swift */; };
		1E4614D1205275A000B03360 /* AppDelegate.swift in Sources */ = {isa = PBXBuildFile; fileRef = 1E4614D0205275A000B03360 /* AppDelegate.swift */; };
		1E4614D3205275A000B03360 /* BooksViewController.swift in Sources */ = {isa = PBXBuildFile; fileRef = 1E4614D2205275A000B03360 /* BooksViewController.swift */; };
		1E4614D6205275A000B03360 /* Main.storyboard in Resources */ = {isa = PBXBuildFile; fileRef = 1E4614D4205275A000B03360 /* Main.storyboard */; };
		1E4614D8205275A000B03360 /* Assets.xcassets in Resources */ = {isa = PBXBuildFile; fileRef = 1E4614D7205275A000B03360 /* Assets.xcassets */; };
		1E4614DB205275A000B03360 /* LaunchScreen.storyboard in Resources */ = {isa = PBXBuildFile; fileRef = 1E4614D9205275A000B03360 /* LaunchScreen.storyboard */; };
		1E46150120527CF300B03360 /* HTTPClient.swift in Sources */ = {isa = PBXBuildFile; fileRef = 1E46150020527CF300B03360 /* HTTPClient.swift */; };
		1E4615092052800000B03360 /* HenriPotierApiClient+HTTPClient.swift in Sources */ = {isa = PBXBuildFile; fileRef = 1E4615082052800000B03360 /* HenriPotierApiClient+HTTPClient.swift */; };
		1E46150C205281D100B03360 /* HPBook.swift in Sources */ = {isa = PBXBuildFile; fileRef = 1E46150B205281D100B03360 /* HPBook.swift */; };
		1E46150E2052841A00B03360 /* HPOffer.swift in Sources */ = {isa = PBXBuildFile; fileRef = 1E46150D2052841A00B03360 /* HPOffer.swift */; };
		1E4615112052A0E500B03360 /* HPBookType.swift in Sources */ = {isa = PBXBuildFile; fileRef = 1E4615102052A0E500B03360 /* HPBookType.swift */; };
		1E4615132052A0FA00B03360 /* HPOfferType.swift in Sources */ = {isa = PBXBuildFile; fileRef = 1E4615122052A0FA00B03360 /* HPOfferType.swift */; };
		1E4615302052E0F300B03360 /* HPBookViewModelType.swift in Sources */ = {isa = PBXBuildFile; fileRef = 1E46152F2052E0F300B03360 /* HPBookViewModelType.swift */; };
		1E4615322052E1C800B03360 /* HPBookViewModel.swift in Sources */ = {isa = PBXBuildFile; fileRef = 1E4615312052E1C800B03360 /* HPBookViewModel.swift */; };
		1E591C58206E480100ADAB88 /* HPBooksViewModelType.swift in Sources */ = {isa = PBXBuildFile; fileRef = 1E591C57206E480100ADAB88 /* HPBooksViewModelType.swift */; };
		A1D7C7EE3B64BF08D87CE167 /* Pods_HenriPotier.framework in Frameworks */ = {isa = PBXBuildFile; fileRef = 7508F77DBA689255F7B76ED1 /* Pods_HenriPotier.framework */; };
		F496F4AE205E84AE003041B9 /* BookDetailViewController.swift in Sources */ = {isa = PBXBuildFile; fileRef = F496F4AD205E84AE003041B9 /* BookDetailViewController.swift */; };
		F496F4B0205EA7D8003041B9 /* CartViewController.swift in Sources */ = {isa = PBXBuildFile; fileRef = F496F4AF205EA7D8003041B9 /* CartViewController.swift */; };
		F496F4B4205EA86F003041B9 /* BookTableViewCell.swift in Sources */ = {isa = PBXBuildFile; fileRef = F496F4B2205EA86F003041B9 /* BookTableViewCell.swift */; };
		F496F4B5205EA86F003041B9 /* BookTableViewCell.xib in Resources */ = {isa = PBXBuildFile; fileRef = F496F4B3205EA86F003041B9 /* BookTableViewCell.xib */; };
		F4A39445205DD66500B5924F /* BookCollectionViewCell.swift in Sources */ = {isa = PBXBuildFile; fileRef = F4A39443205DD66500B5924F /* BookCollectionViewCell.swift */; };
		F4A39446205DD66500B5924F /* BookCollectionViewCell.xib in Resources */ = {isa = PBXBuildFile; fileRef = F4A39444205DD66500B5924F /* BookCollectionViewCell.xib */; };
		F4B4078120557A7400D9974A /* HPBooksViewModel.swift in Sources */ = {isa = PBXBuildFile; fileRef = F4B4078020557A7400D9974A /* HPBooksViewModel.swift */; };
/* End PBXBuildFile section */

/* Begin PBXFileReference section */
		1CD4A8FA68E3B33DC5F9B1FF /* Pods-HenriPotierUITests.debug.xcconfig */ = {isa = PBXFileReference; includeInIndex = 1; lastKnownFileType = text.xcconfig; name = "Pods-HenriPotierUITests.debug.xcconfig"; path = "Pods/Target Support Files/Pods-HenriPotierUITests/Pods-HenriPotierUITests.debug.xcconfig"; sourceTree = "<group>"; };
		1E00EC3320738BE000741D7F /* HPCartViewModel.swift */ = {isa = PBXFileReference; lastKnownFileType = sourcecode.swift; path = HPCartViewModel.swift; sourceTree = "<group>"; };
		1E00EC3520738BEE00741D7F /* HPCartViewModelType.swift */ = {isa = PBXFileReference; lastKnownFileType = sourcecode.swift; path = HPCartViewModelType.swift; sourceTree = "<group>"; };
		1E00EC372073B85100741D7F /* HPBookCollectionViewCellType.swift */ = {isa = PBXFileReference; lastKnownFileType = sourcecode.swift; path = HPBookCollectionViewCellType.swift; sourceTree = "<group>"; };
		1E3F56E820767543006AB03E /* Reachability+Rx.swift */ = {isa = PBXFileReference; fileEncoding = 4; lastKnownFileType = sourcecode.swift; path = "Reachability+Rx.swift"; sourceTree = "<group>"; };
		1E3F56E920767543006AB03E /* ObservableType+Reachability.swift */ = {isa = PBXFileReference; fileEncoding = 4; lastKnownFileType = sourcecode.swift; path = "ObservableType+Reachability.swift"; sourceTree = "<group>"; };
		1E4614CD205275A000B03360 /* HenriPotier.app */ = {isa = PBXFileReference; explicitFileType = wrapper.application; includeInIndex = 0; path = HenriPotier.app; sourceTree = BUILT_PRODUCTS_DIR; };
		1E4614D0205275A000B03360 /* AppDelegate.swift */ = {isa = PBXFileReference; lastKnownFileType = sourcecode.swift; path = AppDelegate.swift; sourceTree = "<group>"; };
		1E4614D2205275A000B03360 /* BooksViewController.swift */ = {isa = PBXFileReference; lastKnownFileType = sourcecode.swift; path = BooksViewController.swift; sourceTree = "<group>"; };
		1E4614D5205275A000B03360 /* Base */ = {isa = PBXFileReference; lastKnownFileType = file.storyboard; name = Base; path = Base.lproj/Main.storyboard; sourceTree = "<group>"; };
		1E4614D7205275A000B03360 /* Assets.xcassets */ = {isa = PBXFileReference; lastKnownFileType = folder.assetcatalog; path = Assets.xcassets; sourceTree = "<group>"; };
		1E4614DA205275A000B03360 /* Base */ = {isa = PBXFileReference; lastKnownFileType = file.storyboard; name = Base; path = Base.lproj/LaunchScreen.storyboard; sourceTree = "<group>"; };
		1E4614DC205275A000B03360 /* Info.plist */ = {isa = PBXFileReference; lastKnownFileType = text.plist.xml; path = Info.plist; sourceTree = "<group>"; };
		1E46150020527CF300B03360 /* HTTPClient.swift */ = {isa = PBXFileReference; lastKnownFileType = sourcecode.swift; path = HTTPClient.swift; sourceTree = "<group>"; };
		1E4615082052800000B03360 /* HenriPotierApiClient+HTTPClient.swift */ = {isa = PBXFileReference; lastKnownFileType = sourcecode.swift; path = "HenriPotierApiClient+HTTPClient.swift"; sourceTree = "<group>"; };
		1E46150B205281D100B03360 /* HPBook.swift */ = {isa = PBXFileReference; lastKnownFileType = sourcecode.swift; path = HPBook.swift; sourceTree = "<group>"; };
		1E46150D2052841A00B03360 /* HPOffer.swift */ = {isa = PBXFileReference; lastKnownFileType = sourcecode.swift; path = HPOffer.swift; sourceTree = "<group>"; };
		1E4615102052A0E500B03360 /* HPBookType.swift */ = {isa = PBXFileReference; lastKnownFileType = sourcecode.swift; path = HPBookType.swift; sourceTree = "<group>"; };
		1E4615122052A0FA00B03360 /* HPOfferType.swift */ = {isa = PBXFileReference; lastKnownFileType = sourcecode.swift; path = HPOfferType.swift; sourceTree = "<group>"; };
		1E46152F2052E0F300B03360 /* HPBookViewModelType.swift */ = {isa = PBXFileReference; lastKnownFileType = sourcecode.swift; path = HPBookViewModelType.swift; sourceTree = "<group>"; };
		1E4615312052E1C800B03360 /* HPBookViewModel.swift */ = {isa = PBXFileReference; lastKnownFileType = sourcecode.swift; path = HPBookViewModel.swift; sourceTree = "<group>"; };
		1E591C57206E480100ADAB88 /* HPBooksViewModelType.swift */ = {isa = PBXFileReference; lastKnownFileType = sourcecode.swift; path = HPBooksViewModelType.swift; sourceTree = "<group>"; };
		3A028E96C793D6073C2FDCBD /* Pods-HenriPotierTests.debug.xcconfig */ = {isa = PBXFileReference; includeInIndex = 1; lastKnownFileType = text.xcconfig; name = "Pods-HenriPotierTests.debug.xcconfig"; path = "Pods/Target Support Files/Pods-HenriPotierTests/Pods-HenriPotierTests.debug.xcconfig"; sourceTree = "<group>"; };
		5A302A73C95E3E74ED64855D /* Pods-HenriPotierTests.release.xcconfig */ = {isa = PBXFileReference; includeInIndex = 1; lastKnownFileType = text.xcconfig; name = "Pods-HenriPotierTests.release.xcconfig"; path = "Pods/Target Support Files/Pods-HenriPotierTests/Pods-HenriPotierTests.release.xcconfig"; sourceTree = "<group>"; };
		7508F77DBA689255F7B76ED1 /* Pods_HenriPotier.framework */ = {isa = PBXFileReference; explicitFileType = wrapper.framework; includeInIndex = 0; path = Pods_HenriPotier.framework; sourceTree = BUILT_PRODUCTS_DIR; };
		8D1075B29494EBCF14B375E6 /* Pods_HenriPotierTests.framework */ = {isa = PBXFileReference; explicitFileType = wrapper.framework; includeInIndex = 0; path = Pods_HenriPotierTests.framework; sourceTree = BUILT_PRODUCTS_DIR; };
		C351D5B4A772F3A692C87993 /* Pods-HenriPotier.debug.xcconfig */ = {isa = PBXFileReference; includeInIndex = 1; lastKnownFileType = text.xcconfig; name = "Pods-HenriPotier.debug.xcconfig"; path = "Pods/Target Support Files/Pods-HenriPotier/Pods-HenriPotier.debug.xcconfig"; sourceTree = "<group>"; };
		CBAABB650C097FCAD7671EFA /* Pods-HenriPotierUITests.release.xcconfig */ = {isa = PBXFileReference; includeInIndex = 1; lastKnownFileType = text.xcconfig; name = "Pods-HenriPotierUITests.release.xcconfig"; path = "Pods/Target Support Files/Pods-HenriPotierUITests/Pods-HenriPotierUITests.release.xcconfig"; sourceTree = "<group>"; };
		F496F4AD205E84AE003041B9 /* BookDetailViewController.swift */ = {isa = PBXFileReference; lastKnownFileType = sourcecode.swift; path = BookDetailViewController.swift; sourceTree = "<group>"; };
		F496F4AF205EA7D8003041B9 /* CartViewController.swift */ = {isa = PBXFileReference; lastKnownFileType = sourcecode.swift; path = CartViewController.swift; sourceTree = "<group>"; };
		F496F4B2205EA86F003041B9 /* BookTableViewCell.swift */ = {isa = PBXFileReference; lastKnownFileType = sourcecode.swift; path = BookTableViewCell.swift; sourceTree = "<group>"; };
		F496F4B3205EA86F003041B9 /* BookTableViewCell.xib */ = {isa = PBXFileReference; lastKnownFileType = file.xib; path = BookTableViewCell.xib; sourceTree = "<group>"; };
		F4A39443205DD66500B5924F /* BookCollectionViewCell.swift */ = {isa = PBXFileReference; lastKnownFileType = sourcecode.swift; path = BookCollectionViewCell.swift; sourceTree = "<group>"; };
		F4A39444205DD66500B5924F /* BookCollectionViewCell.xib */ = {isa = PBXFileReference; lastKnownFileType = file.xib; path = BookCollectionViewCell.xib; sourceTree = "<group>"; };
		F4B4078020557A7400D9974A /* HPBooksViewModel.swift */ = {isa = PBXFileReference; lastKnownFileType = sourcecode.swift; path = HPBooksViewModel.swift; sourceTree = "<group>"; };
		FA68264BD04F3B17FFA75E36 /* Pods-HenriPotier.release.xcconfig */ = {isa = PBXFileReference; includeInIndex = 1; lastKnownFileType = text.xcconfig; name = "Pods-HenriPotier.release.xcconfig"; path = "Pods/Target Support Files/Pods-HenriPotier/Pods-HenriPotier.release.xcconfig"; sourceTree = "<group>"; };
		FCF1400C78A807120743B2EE /* Pods_HenriPotierUITests.framework */ = {isa = PBXFileReference; explicitFileType = wrapper.framework; includeInIndex = 0; path = Pods_HenriPotierUITests.framework; sourceTree = BUILT_PRODUCTS_DIR; };
/* End PBXFileReference section */

/* Begin PBXFrameworksBuildPhase section */
		1E4614CA205275A000B03360 /* Frameworks */ = {
			isa = PBXFrameworksBuildPhase;
			buildActionMask = 2147483647;
			files = (
				A1D7C7EE3B64BF08D87CE167 /* Pods_HenriPotier.framework in Frameworks */,
			);
			runOnlyForDeploymentPostprocessing = 0;
		};
/* End PBXFrameworksBuildPhase section */

/* Begin PBXGroup section */
		1E3F56E420767354006AB03E /* Reachability */ = {
			isa = PBXGroup;
			children = (
				1E3F56E920767543006AB03E /* ObservableType+Reachability.swift */,
				1E3F56E820767543006AB03E /* Reachability+Rx.swift */,
			);
			path = Reachability;
			sourceTree = "<group>";
		};
		1E4614C4205275A000B03360 = {
			isa = PBXGroup;
			children = (
				1E4614CF205275A000B03360 /* HenriPotier */,
				1E4614CE205275A000B03360 /* Products */,
				3B0D5F8F38724D794D7C5A04 /* Pods */,
				EFCED0F845BF41EEF5A734D8 /* Frameworks */,
			);
			sourceTree = "<group>";
		};
		1E4614CE205275A000B03360 /* Products */ = {
			isa = PBXGroup;
			children = (
				1E4614CD205275A000B03360 /* HenriPotier.app */,
			);
			name = Products;
			sourceTree = "<group>";
		};
		1E4614CF205275A000B03360 /* HenriPotier */ = {
			isa = PBXGroup;
			children = (
				F4A39441205DD63F00B5924F /* Cells */,
				1E46150F2052A07E00B03360 /* Network */,
				1E4614FF20527CD200B03360 /* Protocols */,
				1E46150A205281C400B03360 /* Models */,
				1E46152E2052E0BC00B03360 /* ViewModels */,
				F496F4AC205E848E003041B9 /* ViewControllers */,
				1E4614D0205275A000B03360 /* AppDelegate.swift */,
				1E4614D4205275A000B03360 /* Main.storyboard */,
				1E4614D7205275A000B03360 /* Assets.xcassets */,
				1E4614D9205275A000B03360 /* LaunchScreen.storyboard */,
				1E4614DC205275A000B03360 /* Info.plist */,
			);
			path = HenriPotier;
			sourceTree = "<group>";
		};
		1E4614FF20527CD200B03360 /* Protocols */ = {
			isa = PBXGroup;
			children = (
				1E46150020527CF300B03360 /* HTTPClient.swift */,
				1E4615102052A0E500B03360 /* HPBookType.swift */,
				1E4615122052A0FA00B03360 /* HPOfferType.swift */,
				1E46152F2052E0F300B03360 /* HPBookViewModelType.swift */,
				1E591C57206E480100ADAB88 /* HPBooksViewModelType.swift */,
				1E00EC3520738BEE00741D7F /* HPCartViewModelType.swift */,
				1E00EC372073B85100741D7F /* HPBookCollectionViewCellType.swift */,
			);
			path = Protocols;
			sourceTree = "<group>";
		};
		1E46150A205281C400B03360 /* Models */ = {
			isa = PBXGroup;
			children = (
				1E46150B205281D100B03360 /* HPBook.swift */,
				1E46150D2052841A00B03360 /* HPOffer.swift */,
			);
			path = Models;
			sourceTree = "<group>";
		};
		1E46150F2052A07E00B03360 /* Network */ = {
			isa = PBXGroup;
			children = (
				1E3F56E420767354006AB03E /* Reachability */,
				1E4615082052800000B03360 /* HenriPotierApiClient+HTTPClient.swift */,
			);
			path = Network;
			sourceTree = "<group>";
		};
		1E46152E2052E0BC00B03360 /* ViewModels */ = {
			isa = PBXGroup;
			children = (
				1E4615312052E1C800B03360 /* HPBookViewModel.swift */,
				F4B4078020557A7400D9974A /* HPBooksViewModel.swift */,
				1E00EC3320738BE000741D7F /* HPCartViewModel.swift */,
			);
			path = ViewModels;
			sourceTree = "<group>";
		};
		3B0D5F8F38724D794D7C5A04 /* Pods */ = {
			isa = PBXGroup;
			children = (
				C351D5B4A772F3A692C87993 /* Pods-HenriPotier.debug.xcconfig */,
				FA68264BD04F3B17FFA75E36 /* Pods-HenriPotier.release.xcconfig */,
				3A028E96C793D6073C2FDCBD /* Pods-HenriPotierTests.debug.xcconfig */,
				5A302A73C95E3E74ED64855D /* Pods-HenriPotierTests.release.xcconfig */,
				1CD4A8FA68E3B33DC5F9B1FF /* Pods-HenriPotierUITests.debug.xcconfig */,
				CBAABB650C097FCAD7671EFA /* Pods-HenriPotierUITests.release.xcconfig */,
			);
			name = Pods;
			sourceTree = "<group>";
		};
		EFCED0F845BF41EEF5A734D8 /* Frameworks */ = {
			isa = PBXGroup;
			children = (
				7508F77DBA689255F7B76ED1 /* Pods_HenriPotier.framework */,
				8D1075B29494EBCF14B375E6 /* Pods_HenriPotierTests.framework */,
				FCF1400C78A807120743B2EE /* Pods_HenriPotierUITests.framework */,
			);
			name = Frameworks;
			sourceTree = "<group>";
		};
		F496F4AC205E848E003041B9 /* ViewControllers */ = {
			isa = PBXGroup;
			children = (
				1E4614D2205275A000B03360 /* BooksViewController.swift */,
				F496F4AD205E84AE003041B9 /* BookDetailViewController.swift */,
				F496F4AF205EA7D8003041B9 /* CartViewController.swift */,
			);
			path = ViewControllers;
			sourceTree = "<group>";
		};
		F496F4B1205EA7EA003041B9 /* TableViewCells */ = {
			isa = PBXGroup;
			children = (
				F496F4B2205EA86F003041B9 /* BookTableViewCell.swift */,
				F496F4B3205EA86F003041B9 /* BookTableViewCell.xib */,
			);
			path = TableViewCells;
			sourceTree = "<group>";
		};
		F4A39441205DD63F00B5924F /* Cells */ = {
			isa = PBXGroup;
			children = (
				F496F4B1205EA7EA003041B9 /* TableViewCells */,
				F4A39442205DD64500B5924F /* CollectionViewCells */,
			);
			path = Cells;
			sourceTree = "<group>";
		};
		F4A39442205DD64500B5924F /* CollectionViewCells */ = {
			isa = PBXGroup;
			children = (
				F4A39443205DD66500B5924F /* BookCollectionViewCell.swift */,
				F4A39444205DD66500B5924F /* BookCollectionViewCell.xib */,
			);
			path = CollectionViewCells;
			sourceTree = "<group>";
		};
/* End PBXGroup section */

/* Begin PBXNativeTarget section */
		1E4614CC205275A000B03360 /* HenriPotier */ = {
			isa = PBXNativeTarget;
			buildConfigurationList = 1E4614F5205275A000B03360 /* Build configuration list for PBXNativeTarget "HenriPotier" */;
			buildPhases = (
				0FFB833FA8ADB68586EAC4C4 /* [CP] Check Pods Manifest.lock */,
				1E4614C9205275A000B03360 /* Sources */,
				1E4614CA205275A000B03360 /* Frameworks */,
				1E4614CB205275A000B03360 /* Resources */,
				A379B8921675BCC4864875DF /* [CP] Embed Pods Frameworks */,
				F60762761F492AF57624792D /* [CP] Copy Pods Resources */,
			);
			buildRules = (
			);
			dependencies = (
			);
			name = HenriPotier;
			productName = HenriPotier;
			productReference = 1E4614CD205275A000B03360 /* HenriPotier.app */;
			productType = "com.apple.product-type.application";
		};
/* End PBXNativeTarget section */

/* Begin PBXProject section */
		1E4614C5205275A000B03360 /* Project object */ = {
			isa = PBXProject;
			attributes = {
				LastSwiftUpdateCheck = 0920;
				LastUpgradeCheck = 0930;
				ORGANIZATIONNAME = Rokridi;
				TargetAttributes = {
					1E4614CC205275A000B03360 = {
						CreatedOnToolsVersion = 9.2;
						ProvisioningStyle = Automatic;
					};
				};
			};
			buildConfigurationList = 1E4614C8205275A000B03360 /* Build configuration list for PBXProject "HenriPotier" */;
			compatibilityVersion = "Xcode 8.0";
			developmentRegion = en;
			hasScannedForEncodings = 0;
			knownRegions = (
				en,
				Base,
			);
			mainGroup = 1E4614C4205275A000B03360;
			productRefGroup = 1E4614CE205275A000B03360 /* Products */;
			projectDirPath = "";
			projectRoot = "";
			targets = (
				1E4614CC205275A000B03360 /* HenriPotier */,
			);
		};
/* End PBXProject section */

/* Begin PBXResourcesBuildPhase section */
		1E4614CB205275A000B03360 /* Resources */ = {
			isa = PBXResourcesBuildPhase;
			buildActionMask = 2147483647;
			files = (
				1E4614DB205275A000B03360 /* LaunchScreen.storyboard in Resources */,
				F4A39446205DD66500B5924F /* BookCollectionViewCell.xib in Resources */,
				1E4614D8205275A000B03360 /* Assets.xcassets in Resources */,
				1E4614D6205275A000B03360 /* Main.storyboard in Resources */,
				F496F4B5205EA86F003041B9 /* BookTableViewCell.xib in Resources */,
			);
			runOnlyForDeploymentPostprocessing = 0;
		};
/* End PBXResourcesBuildPhase section */

/* Begin PBXShellScriptBuildPhase section */
		0FFB833FA8ADB68586EAC4C4 /* [CP] Check Pods Manifest.lock */ = {
			isa = PBXShellScriptBuildPhase;
			buildActionMask = 2147483647;
			files = (
			);
			inputPaths = (
				"${PODS_PODFILE_DIR_PATH}/Podfile.lock",
				"${PODS_ROOT}/Manifest.lock",
			);
			name = "[CP] Check Pods Manifest.lock";
			outputPaths = (
				"$(DERIVED_FILE_DIR)/Pods-HenriPotier-checkManifestLockResult.txt",
			);
			runOnlyForDeploymentPostprocessing = 0;
			shellPath = /bin/sh;
			shellScript = "diff \"${PODS_PODFILE_DIR_PATH}/Podfile.lock\" \"${PODS_ROOT}/Manifest.lock\" > /dev/null\nif [ $? != 0 ] ; then\n    # print error to STDERR\n    echo \"error: The sandbox is not in sync with the Podfile.lock. Run 'pod install' or update your CocoaPods installation.\" >&2\n    exit 1\nfi\n# This output is used by Xcode 'outputs' to avoid re-running this script phase.\necho \"SUCCESS\" > \"${SCRIPT_OUTPUT_FILE_0}\"\n";
			showEnvVarsInLog = 0;
		};
		A379B8921675BCC4864875DF /* [CP] Embed Pods Frameworks */ = {
			isa = PBXShellScriptBuildPhase;
			buildActionMask = 2147483647;
			files = (
			);
			inputPaths = (
				"${SRCROOT}/Pods/Target Support Files/Pods-HenriPotier/Pods-HenriPotier-frameworks.sh",
				"${BUILT_PRODUCTS_DIR}/Alamofire/Alamofire.framework",
				"${BUILT_PRODUCTS_DIR}/AlamofireObjectMapper/AlamofireObjectMapper.framework",
				"${BUILT_PRODUCTS_DIR}/DZNEmptyDataSet/DZNEmptyDataSet.framework",
				"${BUILT_PRODUCTS_DIR}/Differentiator/Differentiator.framework",
				"${BUILT_PRODUCTS_DIR}/HenriPotierApiClient/HenriPotierApiClient.framework",
				"${BUILT_PRODUCTS_DIR}/MIBadgeButton-Swift/MIBadgeButton_Swift.framework",
				"${BUILT_PRODUCTS_DIR}/ObjectMapper/ObjectMapper.framework",
				"${BUILT_PRODUCTS_DIR}/ParallaxHeader/ParallaxHeader.framework",
				"${BUILT_PRODUCTS_DIR}/ReachabilitySwift/Reachability.framework",
				"${BUILT_PRODUCTS_DIR}/RxCocoa/RxCocoa.framework",
				"${BUILT_PRODUCTS_DIR}/RxDataSources/RxDataSources.framework",
				"${BUILT_PRODUCTS_DIR}/RxSwift/RxSwift.framework",
				"${BUILT_PRODUCTS_DIR}/SDWebImage/SDWebImage.framework",
				"${BUILT_PRODUCTS_DIR}/SwiftMessages/SwiftMessages.framework",
			);
			name = "[CP] Embed Pods Frameworks";
			outputPaths = (
				"${TARGET_BUILD_DIR}/${FRAMEWORKS_FOLDER_PATH}/Alamofire.framework",
				"${TARGET_BUILD_DIR}/${FRAMEWORKS_FOLDER_PATH}/AlamofireObjectMapper.framework",
				"${TARGET_BUILD_DIR}/${FRAMEWORKS_FOLDER_PATH}/DZNEmptyDataSet.framework",
				"${TARGET_BUILD_DIR}/${FRAMEWORKS_FOLDER_PATH}/Differentiator.framework",
				"${TARGET_BUILD_DIR}/${FRAMEWORKS_FOLDER_PATH}/HenriPotierApiClient.framework",
				"${TARGET_BUILD_DIR}/${FRAMEWORKS_FOLDER_PATH}/MIBadgeButton_Swift.framework",
				"${TARGET_BUILD_DIR}/${FRAMEWORKS_FOLDER_PATH}/ObjectMapper.framework",
				"${TARGET_BUILD_DIR}/${FRAMEWORKS_FOLDER_PATH}/ParallaxHeader.framework",
				"${TARGET_BUILD_DIR}/${FRAMEWORKS_FOLDER_PATH}/Reachability.framework",
				"${TARGET_BUILD_DIR}/${FRAMEWORKS_FOLDER_PATH}/RxCocoa.framework",
				"${TARGET_BUILD_DIR}/${FRAMEWORKS_FOLDER_PATH}/RxDataSources.framework",
				"${TARGET_BUILD_DIR}/${FRAMEWORKS_FOLDER_PATH}/RxSwift.framework",
				"${TARGET_BUILD_DIR}/${FRAMEWORKS_FOLDER_PATH}/SDWebImage.framework",
				"${TARGET_BUILD_DIR}/${FRAMEWORKS_FOLDER_PATH}/SwiftMessages.framework",
			);
			runOnlyForDeploymentPostprocessing = 0;
			shellPath = /bin/sh;
			shellScript = "\"${SRCROOT}/Pods/Target Support Files/Pods-HenriPotier/Pods-HenriPotier-frameworks.sh\"\n";
			showEnvVarsInLog = 0;
		};
		F60762761F492AF57624792D /* [CP] Copy Pods Resources */ = {
			isa = PBXShellScriptBuildPhase;
			buildActionMask = 2147483647;
			files = (
			);
			inputPaths = (
			);
			name = "[CP] Copy Pods Resources";
			outputPaths = (
			);
			runOnlyForDeploymentPostprocessing = 0;
			shellPath = /bin/sh;
			shellScript = "\"${SRCROOT}/Pods/Target Support Files/Pods-HenriPotier/Pods-HenriPotier-resources.sh\"\n";
			showEnvVarsInLog = 0;
		};
/* End PBXShellScriptBuildPhase section */

/* Begin PBXSourcesBuildPhase section */
		1E4614C9205275A000B03360 /* Sources */ = {
			isa = PBXSourcesBuildPhase;
			buildActionMask = 2147483647;
			files = (
				1E46150C205281D100B03360 /* HPBook.swift in Sources */,
				1E00EC3620738BEE00741D7F /* HPCartViewModelType.swift in Sources */,
				1E3F56EA20767543006AB03E /* Reachability+Rx.swift in Sources */,
				F4A39445205DD66500B5924F /* BookCollectionViewCell.swift in Sources */,
				1E4614D3205275A000B03360 /* BooksViewController.swift in Sources */,
				1E4614D1205275A000B03360 /* AppDelegate.swift in Sources */,
				1E3F56EB20767543006AB03E /* ObservableType+Reachability.swift in Sources */,
				1E4615112052A0E500B03360 /* HPBookType.swift in Sources */,
				1E4615132052A0FA00B03360 /* HPOfferType.swift in Sources */,
				1E00EC3420738BE000741D7F /* HPCartViewModel.swift in Sources */,
				1E46150E2052841A00B03360 /* HPOffer.swift in Sources */,
				1E591C58206E480100ADAB88 /* HPBooksViewModelType.swift in Sources */,
				F496F4B4205EA86F003041B9 /* BookTableViewCell.swift in Sources */,
				F4B4078120557A7400D9974A /* HPBooksViewModel.swift in Sources */,
				1E00EC382073B85100741D7F /* HPBookCollectionViewCellType.swift in Sources */,
				1E4615322052E1C800B03360 /* HPBookViewModel.swift in Sources */,
				F496F4AE205E84AE003041B9 /* BookDetailViewController.swift in Sources */,
				F496F4B0205EA7D8003041B9 /* CartViewController.swift in Sources */,
				1E46150120527CF300B03360 /* HTTPClient.swift in Sources */,
				1E4615302052E0F300B03360 /* HPBookViewModelType.swift in Sources */,
				1E4615092052800000B03360 /* HenriPotierApiClient+HTTPClient.swift in Sources */,
			);
			runOnlyForDeploymentPostprocessing = 0;
		};
/* End PBXSourcesBuildPhase section */

/* Begin PBXVariantGroup section */
		1E4614D4205275A000B03360 /* Main.storyboard */ = {
			isa = PBXVariantGroup;
			children = (
				1E4614D5205275A000B03360 /* Base */,
			);
			name = Main.storyboard;
			sourceTree = "<group>";
		};
		1E4614D9205275A000B03360 /* LaunchScreen.storyboard */ = {
			isa = PBXVariantGroup;
			children = (
				1E4614DA205275A000B03360 /* Base */,
			);
			name = LaunchScreen.storyboard;
			sourceTree = "<group>";
		};
/* End PBXVariantGroup section */

/* Begin XCBuildConfiguration section */
		1E4614F3205275A000B03360 /* Debug */ = {
			isa = XCBuildConfiguration;
			buildSettings = {
				ALWAYS_SEARCH_USER_PATHS = NO;
				CLANG_ANALYZER_NONNULL = YES;
				CLANG_ANALYZER_NUMBER_OBJECT_CONVERSION = YES_AGGRESSIVE;
				CLANG_CXX_LANGUAGE_STANDARD = "gnu++14";
				CLANG_CXX_LIBRARY = "libc++";
				CLANG_ENABLE_MODULES = YES;
				CLANG_ENABLE_OBJC_ARC = YES;
				CLANG_WARN_BLOCK_CAPTURE_AUTORELEASING = YES;
				CLANG_WARN_BOOL_CONVERSION = YES;
				CLANG_WARN_COMMA = YES;
				CLANG_WARN_CONSTANT_CONVERSION = YES;
				CLANG_WARN_DEPRECATED_OBJC_IMPLEMENTATIONS = YES;
				CLANG_WARN_DIRECT_OBJC_ISA_USAGE = YES_ERROR;
				CLANG_WARN_DOCUMENTATION_COMMENTS = YES;
				CLANG_WARN_EMPTY_BODY = YES;
				CLANG_WARN_ENUM_CONVERSION = YES;
				CLANG_WARN_INFINITE_RECURSION = YES;
				CLANG_WARN_INT_CONVERSION = YES;
				CLANG_WARN_NON_LITERAL_NULL_CONVERSION = YES;
				CLANG_WARN_OBJC_IMPLICIT_RETAIN_SELF = YES;
				CLANG_WARN_OBJC_LITERAL_CONVERSION = YES;
				CLANG_WARN_OBJC_ROOT_CLASS = YES_ERROR;
				CLANG_WARN_RANGE_LOOP_ANALYSIS = YES;
				CLANG_WARN_STRICT_PROTOTYPES = YES;
				CLANG_WARN_SUSPICIOUS_MOVE = YES;
				CLANG_WARN_UNGUARDED_AVAILABILITY = YES_AGGRESSIVE;
				CLANG_WARN_UNREACHABLE_CODE = YES;
				CLANG_WARN__DUPLICATE_METHOD_MATCH = YES;
				CODE_SIGN_IDENTITY = "iPhone Developer";
				COPY_PHASE_STRIP = NO;
				DEBUG_INFORMATION_FORMAT = dwarf;
				ENABLE_STRICT_OBJC_MSGSEND = YES;
				ENABLE_TESTABILITY = YES;
				GCC_C_LANGUAGE_STANDARD = gnu11;
				GCC_DYNAMIC_NO_PIC = NO;
				GCC_NO_COMMON_BLOCKS = YES;
				GCC_OPTIMIZATION_LEVEL = 0;
				GCC_PREPROCESSOR_DEFINITIONS = (
					"DEBUG=1",
					"$(inherited)",
				);
				GCC_WARN_64_TO_32_BIT_CONVERSION = YES;
				GCC_WARN_ABOUT_RETURN_TYPE = YES_ERROR;
				GCC_WARN_UNDECLARED_SELECTOR = YES;
				GCC_WARN_UNINITIALIZED_AUTOS = YES_AGGRESSIVE;
				GCC_WARN_UNUSED_FUNCTION = YES;
				GCC_WARN_UNUSED_VARIABLE = YES;
				IPHONEOS_DEPLOYMENT_TARGET = 11.2;
				MTL_ENABLE_DEBUG_INFO = YES;
				ONLY_ACTIVE_ARCH = YES;
				SDKROOT = iphoneos;
				SWIFT_ACTIVE_COMPILATION_CONDITIONS = DEBUG;
				SWIFT_OPTIMIZATION_LEVEL = "-Onone";
			};
			name = Debug;
		};
		1E4614F4205275A000B03360 /* Release */ = {
			isa = XCBuildConfiguration;
			buildSettings = {
				ALWAYS_SEARCH_USER_PATHS = NO;
				CLANG_ANALYZER_NONNULL = YES;
				CLANG_ANALYZER_NUMBER_OBJECT_CONVERSION = YES_AGGRESSIVE;
				CLANG_CXX_LANGUAGE_STANDARD = "gnu++14";
				CLANG_CXX_LIBRARY = "libc++";
				CLANG_ENABLE_MODULES = YES;
				CLANG_ENABLE_OBJC_ARC = YES;
				CLANG_WARN_BLOCK_CAPTURE_AUTORELEASING = YES;
				CLANG_WARN_BOOL_CONVERSION = YES;
				CLANG_WARN_COMMA = YES;
				CLANG_WARN_CONSTANT_CONVERSION = YES;
				CLANG_WARN_DEPRECATED_OBJC_IMPLEMENTATIONS = YES;
				CLANG_WARN_DIRECT_OBJC_ISA_USAGE = YES_ERROR;
				CLANG_WARN_DOCUMENTATION_COMMENTS = YES;
				CLANG_WARN_EMPTY_BODY = YES;
				CLANG_WARN_ENUM_CONVERSION = YES;
				CLANG_WARN_INFINITE_RECURSION = YES;
				CLANG_WARN_INT_CONVERSION = YES;
				CLANG_WARN_NON_LITERAL_NULL_CONVERSION = YES;
				CLANG_WARN_OBJC_IMPLICIT_RETAIN_SELF = YES;
				CLANG_WARN_OBJC_LITERAL_CONVERSION = YES;
				CLANG_WARN_OBJC_ROOT_CLASS = YES_ERROR;
				CLANG_WARN_RANGE_LOOP_ANALYSIS = YES;
				CLANG_WARN_STRICT_PROTOTYPES = YES;
				CLANG_WARN_SUSPICIOUS_MOVE = YES;
				CLANG_WARN_UNGUARDED_AVAILABILITY = YES_AGGRESSIVE;
				CLANG_WARN_UNREACHABLE_CODE = YES;
				CLANG_WARN__DUPLICATE_METHOD_MATCH = YES;
				CODE_SIGN_IDENTITY = "iPhone Developer";
				COPY_PHASE_STRIP = NO;
				DEBUG_INFORMATION_FORMAT = "dwarf-with-dsym";
				ENABLE_NS_ASSERTIONS = NO;
				ENABLE_STRICT_OBJC_MSGSEND = YES;
				GCC_C_LANGUAGE_STANDARD = gnu11;
				GCC_NO_COMMON_BLOCKS = YES;
				GCC_WARN_64_TO_32_BIT_CONVERSION = YES;
				GCC_WARN_ABOUT_RETURN_TYPE = YES_ERROR;
				GCC_WARN_UNDECLARED_SELECTOR = YES;
				GCC_WARN_UNINITIALIZED_AUTOS = YES_AGGRESSIVE;
				GCC_WARN_UNUSED_FUNCTION = YES;
				GCC_WARN_UNUSED_VARIABLE = YES;
				IPHONEOS_DEPLOYMENT_TARGET = 11.2;
				MTL_ENABLE_DEBUG_INFO = NO;
				SDKROOT = iphoneos;
				SWIFT_OPTIMIZATION_LEVEL = "-Owholemodule";
				VALIDATE_PRODUCT = YES;
			};
			name = Release;
		};
		1E4614F6205275A000B03360 /* Debug */ = {
			isa = XCBuildConfiguration;
			baseConfigurationReference = C351D5B4A772F3A692C87993 /* Pods-HenriPotier.debug.xcconfig */;
			buildSettings = {
				ASSETCATALOG_COMPILER_APPICON_NAME = AppIcon;
				CODE_SIGN_STYLE = Automatic;
				DEVELOPMENT_TEAM = 89Q8W4SDG5;
				INFOPLIST_FILE = HenriPotier/Info.plist;
				LD_RUNPATH_SEARCH_PATHS = "$(inherited) @executable_path/Frameworks";
				PRODUCT_BUNDLE_IDENTIFIER = rokridi.HenriPotier;
				PRODUCT_NAME = "$(TARGET_NAME)";
				SWIFT_VERSION = 4.0;
				TARGETED_DEVICE_FAMILY = 1;
			};
			name = Debug;
		};
		1E4614F7205275A000B03360 /* Release */ = {
			isa = XCBuildConfiguration;
			baseConfigurationReference = FA68264BD04F3B17FFA75E36 /* Pods-HenriPotier.release.xcconfig */;
			buildSettings = {
				ASSETCATALOG_COMPILER_APPICON_NAME = AppIcon;
				CODE_SIGN_STYLE = Automatic;
				DEVELOPMENT_TEAM = 89Q8W4SDG5;
				INFOPLIST_FILE = HenriPotier/Info.plist;
				LD_RUNPATH_SEARCH_PATHS = "$(inherited) @executable_path/Frameworks";
				PRODUCT_BUNDLE_IDENTIFIER = rokridi.HenriPotier;
				PRODUCT_NAME = "$(TARGET_NAME)";
				SWIFT_VERSION = 4.0;
				TARGETED_DEVICE_FAMILY = 1;
			};
			name = Release;
		};
/* End XCBuildConfiguration section */

/* Begin XCConfigurationList section */
		1E4614C8205275A000B03360 /* Build configuration list for PBXProject "HenriPotier" */ = {
			isa = XCConfigurationList;
			buildConfigurations = (
				1E4614F3205275A000B03360 /* Debug */,
				1E4614F4205275A000B03360 /* Release */,
			);
			defaultConfigurationIsVisible = 0;
			defaultConfigurationName = Release;
		};
		1E4614F5205275A000B03360 /* Build configuration list for PBXNativeTarget "HenriPotier" */ = {
			isa = XCConfigurationList;
			buildConfigurations = (
				1E4614F6205275A000B03360 /* Debug */,
				1E4614F7205275A000B03360 /* Release */,
			);
			defaultConfigurationIsVisible = 0;
			defaultConfigurationName = Release;
		};
/* End XCConfigurationList section */
	};
	rootObject = 1E4614C5205275A000B03360 /* Project object */;
}
